// !$*UTF8*$!
{
	archiveVersion = 1;
	classes = {
	};
	objectVersion = 52;
	objects = {

/* Begin PBXBuildFile section */
		5E3160DB25EBE0120085CB44 /* TOTPWindowController.m in Sources */ = {isa = PBXBuildFile; fileRef = 5E3160D925EBE0120085CB44 /* TOTPWindowController.m */; };
		5E3160DC25EBE0120085CB44 /* TOTPWindowController.xib in Resources */ = {isa = PBXBuildFile; fileRef = 5E3160DA25EBE0120085CB44 /* TOTPWindowController.xib */; };
		5E3160F025EC2E2B0085CB44 /* Base32 in Frameworks */ = {isa = PBXBuildFile; productRef = 5E3160EF25EC2E2B0085CB44 /* Base32 */; };
		5E3160F225EC2E300085CB44 /* SwiftOTP in Frameworks */ = {isa = PBXBuildFile; productRef = 5E3160F125EC2E300085CB44 /* SwiftOTP */; };
		5E31618325EF6BA20085CB44 /* FileReader.m in Sources */ = {isa = PBXBuildFile; fileRef = 5E31618225EF6BA20085CB44 /* FileReader.m */; };
		5E31618A25F2224F0085CB44 /* KeychainSwift in Frameworks */ = {isa = PBXBuildFile; productRef = 5E31618925F2224F0085CB44 /* KeychainSwift */; };
		5E31628C25F442F10085CB44 /* KeychainHelper.swift in Sources */ = {isa = PBXBuildFile; fileRef = 5E31628B25F442F00085CB44 /* KeychainHelper.swift */; };
		5E3162AF25F5BC090085CB44 /* CryptoHelper.m in Sources */ = {isa = PBXBuildFile; fileRef = 5E3162AE25F5BC090085CB44 /* CryptoHelper.m */; };
		5E3162B325F5C2540085CB44 /* Aes256Helper.swift in Sources */ = {isa = PBXBuildFile; fileRef = 5E3162B225F5C2540085CB44 /* Aes256Helper.swift */; };
		5E3162B825F5CC6C0085CB44 /* CryptoSwift in Frameworks */ = {isa = PBXBuildFile; productRef = 5E3162B725F5CC6C0085CB44 /* CryptoSwift */; };
		5EA39CEF25EB47C0009BEE6C /* AuthorizationPlugin.m in Sources */ = {isa = PBXBuildFile; fileRef = 5EA39CEE25EB47C0009BEE6C /* AuthorizationPlugin.m */; };
		5EA39CF725EB4902009BEE6C /* MechanismHelper.m in Sources */ = {isa = PBXBuildFile; fileRef = 5EA39CF625EB4902009BEE6C /* MechanismHelper.m */; };
		5EA39CFB25EB4976009BEE6C /* OnlyIntegerValueFormatter.m in Sources */ = {isa = PBXBuildFile; fileRef = 5EA39CFA25EB4976009BEE6C /* OnlyIntegerValueFormatter.m */; };
		5EA39D0425EB4A19009BEE6C /* TOTPGenerator.swift in Sources */ = {isa = PBXBuildFile; fileRef = 5EA39D0325EB4A19009BEE6C /* TOTPGenerator.swift */; };
		5EA39D0825EB4A85009BEE6C /* Base32 in Frameworks */ = {isa = PBXBuildFile; productRef = 5EA39D0725EB4A85009BEE6C /* Base32 */; };
		5EA39D0C25EB4AA7009BEE6C /* SwiftOTP in Frameworks */ = {isa = PBXBuildFile; productRef = 5EA39D0B25EB4AA7009BEE6C /* SwiftOTP */; };
		5EA39D1325EB55A3009BEE6C /* Optum_Lab_Logo_1000px.png in Resources */ = {isa = PBXBuildFile; fileRef = 5EA39D1225EB55A3009BEE6C /* Optum_Lab_Logo_1000px.png */; };
/* End PBXBuildFile section */

/* Begin PBXFileReference section */
		5E3160D825EBE0120085CB44 /* TOTPWindowController.h */ = {isa = PBXFileReference; lastKnownFileType = sourcecode.c.h; path = TOTPWindowController.h; sourceTree = "<group>"; };
		5E3160D925EBE0120085CB44 /* TOTPWindowController.m */ = {isa = PBXFileReference; lastKnownFileType = sourcecode.c.objc; path = TOTPWindowController.m; sourceTree = "<group>"; };
		5E3160DA25EBE0120085CB44 /* TOTPWindowController.xib */ = {isa = PBXFileReference; lastKnownFileType = file.xib; path = TOTPWindowController.xib; sourceTree = "<group>"; };
		5E3160E625EC2C7E0085CB44 /* OptumLabsMFA.bundle */ = {isa = PBXFileReference; explicitFileType = wrapper.cfbundle; includeInIndex = 0; path = OptumLabsMFA.bundle; sourceTree = BUILT_PRODUCTS_DIR; };
		5E3160E825EC2C7E0085CB44 /* Info.plist */ = {isa = PBXFileReference; lastKnownFileType = text.plist.xml; path = Info.plist; sourceTree = "<group>"; };
		5E31618125EF6BA20085CB44 /* FileReader.h */ = {isa = PBXFileReference; lastKnownFileType = sourcecode.c.h; path = FileReader.h; sourceTree = "<group>"; };
		5E31618225EF6BA20085CB44 /* FileReader.m */ = {isa = PBXFileReference; lastKnownFileType = sourcecode.c.objc; path = FileReader.m; sourceTree = "<group>"; };
		5E31628B25F442F00085CB44 /* KeychainHelper.swift */ = {isa = PBXFileReference; lastKnownFileType = sourcecode.swift; path = KeychainHelper.swift; sourceTree = "<group>"; };
		5E3162AD25F5BC090085CB44 /* CryptoHelper.h */ = {isa = PBXFileReference; lastKnownFileType = sourcecode.c.h; path = CryptoHelper.h; sourceTree = "<group>"; };
		5E3162AE25F5BC090085CB44 /* CryptoHelper.m */ = {isa = PBXFileReference; lastKnownFileType = sourcecode.c.objc; path = CryptoHelper.m; sourceTree = "<group>"; };
		5E3162B225F5C2540085CB44 /* Aes256Helper.swift */ = {isa = PBXFileReference; lastKnownFileType = sourcecode.swift; path = Aes256Helper.swift; sourceTree = "<group>"; };
		5EA39CE325EB474B009BEE6C /* OptumLabsMacOSMFA.bundle */ = {isa = PBXFileReference; explicitFileType = wrapper.cfbundle; includeInIndex = 0; path = OptumLabsMacOSMFA.bundle; sourceTree = BUILT_PRODUCTS_DIR; };
		5EA39CE625EB474B009BEE6C /* Info.plist */ = {isa = PBXFileReference; lastKnownFileType = text.plist.xml; path = Info.plist; sourceTree = "<group>"; };
		5EA39CED25EB47C0009BEE6C /* AuthorizationPlugin.h */ = {isa = PBXFileReference; lastKnownFileType = sourcecode.c.h; path = AuthorizationPlugin.h; sourceTree = "<group>"; };
		5EA39CEE25EB47C0009BEE6C /* AuthorizationPlugin.m */ = {isa = PBXFileReference; lastKnownFileType = sourcecode.c.objc; path = AuthorizationPlugin.m; sourceTree = "<group>"; };
		5EA39CF525EB4902009BEE6C /* MechanismHelper.h */ = {isa = PBXFileReference; lastKnownFileType = sourcecode.c.h; path = MechanismHelper.h; sourceTree = "<group>"; };
		5EA39CF625EB4902009BEE6C /* MechanismHelper.m */ = {isa = PBXFileReference; lastKnownFileType = sourcecode.c.objc; path = MechanismHelper.m; sourceTree = "<group>"; };
		5EA39CF925EB4976009BEE6C /* OnlyIntegerValueFormatter.h */ = {isa = PBXFileReference; lastKnownFileType = sourcecode.c.h; path = OnlyIntegerValueFormatter.h; sourceTree = "<group>"; };
		5EA39CFA25EB4976009BEE6C /* OnlyIntegerValueFormatter.m */ = {isa = PBXFileReference; lastKnownFileType = sourcecode.c.objc; path = OnlyIntegerValueFormatter.m; sourceTree = "<group>"; };
		5EA39D0225EB4A19009BEE6C /* OptumLabs-MacOS-MFA-Bridging-Header.h */ = {isa = PBXFileReference; lastKnownFileType = sourcecode.c.h; path = "OptumLabs-MacOS-MFA-Bridging-Header.h"; sourceTree = "<group>"; };
		5EA39D0325EB4A19009BEE6C /* TOTPGenerator.swift */ = {isa = PBXFileReference; lastKnownFileType = sourcecode.swift; path = TOTPGenerator.swift; sourceTree = "<group>"; };
		5EA39D1225EB55A3009BEE6C /* Optum_Lab_Logo_1000px.png */ = {isa = PBXFileReference; lastKnownFileType = image.png; path = Optum_Lab_Logo_1000px.png; sourceTree = "<group>"; };
/* End PBXFileReference section */

/* Begin PBXFrameworksBuildPhase section */
		5E3160E325EC2C7E0085CB44 /* Frameworks */ = {
			isa = PBXFrameworksBuildPhase;
			buildActionMask = 2147483647;
			files = (
				5E3160F225EC2E300085CB44 /* SwiftOTP in Frameworks */,
				5E3160F025EC2E2B0085CB44 /* Base32 in Frameworks */,
			);
			runOnlyForDeploymentPostprocessing = 0;
		};
		5EA39CE025EB474B009BEE6C /* Frameworks */ = {
			isa = PBXFrameworksBuildPhase;
			buildActionMask = 2147483647;
			files = (
				5E31618A25F2224F0085CB44 /* KeychainSwift in Frameworks */,
				5E3162B825F5CC6C0085CB44 /* CryptoSwift in Frameworks */,
				5EA39D0C25EB4AA7009BEE6C /* SwiftOTP in Frameworks */,
				5EA39D0825EB4A85009BEE6C /* Base32 in Frameworks */,
			);
			runOnlyForDeploymentPostprocessing = 0;
		};
/* End PBXFrameworksBuildPhase section */

/* Begin PBXGroup section */
		5E3160E725EC2C7E0085CB44 /* OptumLabsMFA */ = {
			isa = PBXGroup;
			children = (
				5E3160E825EC2C7E0085CB44 /* Info.plist */,
			);
			path = OptumLabsMFA;
			sourceTree = "<group>";
		};
		5E3160EE25EC2E2B0085CB44 /* Frameworks */ = {
			isa = PBXGroup;
			children = (
			);
			name = Frameworks;
			sourceTree = "<group>";
		};
		5EA39CDA25EB474B009BEE6C = {
			isa = PBXGroup;
			children = (
				5EA39D1525EB55C8009BEE6C /* Images */,
				5E3160D825EBE0120085CB44 /* TOTPWindowController.h */,
				5E3160D925EBE0120085CB44 /* TOTPWindowController.m */,
				5E3162AD25F5BC090085CB44 /* CryptoHelper.h */,
				5E3162AE25F5BC090085CB44 /* CryptoHelper.m */,
				5E3162B225F5C2540085CB44 /* Aes256Helper.swift */,
				5E3160DA25EBE0120085CB44 /* TOTPWindowController.xib */,
				5EA39CF525EB4902009BEE6C /* MechanismHelper.h */,
				5EA39CF625EB4902009BEE6C /* MechanismHelper.m */,
				5EA39CF925EB4976009BEE6C /* OnlyIntegerValueFormatter.h */,
				5E31618125EF6BA20085CB44 /* FileReader.h */,
				5E31618225EF6BA20085CB44 /* FileReader.m */,
				5EA39CFA25EB4976009BEE6C /* OnlyIntegerValueFormatter.m */,
				5EA39D0325EB4A19009BEE6C /* TOTPGenerator.swift */,
				5E31628B25F442F00085CB44 /* KeychainHelper.swift */,
				5EA39CED25EB47C0009BEE6C /* AuthorizationPlugin.h */,
				5EA39CEE25EB47C0009BEE6C /* AuthorizationPlugin.m */,
				5EA39CE525EB474B009BEE6C /* OptumLabs-MacOS-MFA */,
				5E3160E725EC2C7E0085CB44 /* OptumLabsMFA */,
				5EA39CE425EB474B009BEE6C /* Products */,
				5EA39D0225EB4A19009BEE6C /* OptumLabs-MacOS-MFA-Bridging-Header.h */,
				5E3160EE25EC2E2B0085CB44 /* Frameworks */,
			);
			sourceTree = "<group>";
		};
		5EA39CE425EB474B009BEE6C /* Products */ = {
			isa = PBXGroup;
			children = (
				5EA39CE325EB474B009BEE6C /* OptumLabsMacOSMFA.bundle */,
				5E3160E625EC2C7E0085CB44 /* OptumLabsMFA.bundle */,
			);
			name = Products;
			sourceTree = "<group>";
		};
		5EA39CE525EB474B009BEE6C /* OptumLabs-MacOS-MFA */ = {
			isa = PBXGroup;
			children = (
				5EA39CE625EB474B009BEE6C /* Info.plist */,
			);
			path = "OptumLabs-MacOS-MFA";
			sourceTree = "<group>";
		};
		5EA39D1525EB55C8009BEE6C /* Images */ = {
			isa = PBXGroup;
			children = (
				5EA39D1225EB55A3009BEE6C /* Optum_Lab_Logo_1000px.png */,
			);
			name = Images;
			sourceTree = "<group>";
		};
/* End PBXGroup section */

/* Begin PBXNativeTarget section */
		5E3160E525EC2C7E0085CB44 /* OptumLabsMFA */ = {
			isa = PBXNativeTarget;
			buildConfigurationList = 5E3160E925EC2C7E0085CB44 /* Build configuration list for PBXNativeTarget "OptumLabsMFA" */;
			buildPhases = (
				5E3160E225EC2C7E0085CB44 /* Sources */,
				5E3160E325EC2C7E0085CB44 /* Frameworks */,
				5E3160E425EC2C7E0085CB44 /* Resources */,
			);
			buildRules = (
			);
			dependencies = (
			);
			name = OptumLabsMFA;
			packageProductDependencies = (
				5E3160EF25EC2E2B0085CB44 /* Base32 */,
				5E3160F125EC2E300085CB44 /* SwiftOTP */,
			);
			productName = OptumLabsMFA;
			productReference = 5E3160E625EC2C7E0085CB44 /* OptumLabsMFA.bundle */;
			productType = "com.apple.product-type.bundle";
		};
		5EA39CE225EB474B009BEE6C /* OptumLabsMacOSMFA */ = {
			isa = PBXNativeTarget;
			buildConfigurationList = 5EA39CE925EB474B009BEE6C /* Build configuration list for PBXNativeTarget "OptumLabsMacOSMFA" */;
			buildPhases = (
				5EA39CDF25EB474B009BEE6C /* Sources */,
				5EA39CE025EB474B009BEE6C /* Frameworks */,
				5EA39CE125EB474B009BEE6C /* Resources */,
			);
			buildRules = (
			);
			dependencies = (
			);
			name = OptumLabsMacOSMFA;
			packageProductDependencies = (
				5EA39D0725EB4A85009BEE6C /* Base32 */,
				5EA39D0B25EB4AA7009BEE6C /* SwiftOTP */,
				5E31618925F2224F0085CB44 /* KeychainSwift */,
				5E3162B725F5CC6C0085CB44 /* CryptoSwift */,
			);
			productName = "OptumLabs-MacOS-MFA";
			productReference = 5EA39CE325EB474B009BEE6C /* OptumLabsMacOSMFA.bundle */;
			productType = "com.apple.product-type.bundle";
		};
/* End PBXNativeTarget section */

/* Begin PBXProject section */
		5EA39CDB25EB474B009BEE6C /* Project object */ = {
			isa = PBXProject;
			attributes = {
				LastUpgradeCheck = 1240;
				TargetAttributes = {
					5E3160E525EC2C7E0085CB44 = {
						CreatedOnToolsVersion = 12.4;
					};
					5EA39CE225EB474B009BEE6C = {
						CreatedOnToolsVersion = 12.4;
						LastSwiftMigration = 1240;
					};
				};
			};
			buildConfigurationList = 5EA39CDE25EB474B009BEE6C /* Build configuration list for PBXProject "OptumLabs-MacOS-MFA" */;
			compatibilityVersion = "Xcode 9.3";
			developmentRegion = en;
			hasScannedForEncodings = 0;
			knownRegions = (
				en,
				Base,
			);
			mainGroup = 5EA39CDA25EB474B009BEE6C;
			packageReferences = (
				5EA39D0625EB4A85009BEE6C /* XCRemoteSwiftPackageReference "Base32" */,
				5EA39D0A25EB4AA7009BEE6C /* XCRemoteSwiftPackageReference "SwiftOTP" */,
				5E31618825F2224F0085CB44 /* XCRemoteSwiftPackageReference "keychain-swift" */,
				5E3162B625F5CC6C0085CB44 /* XCRemoteSwiftPackageReference "CryptoSwift" */,
			);
			productRefGroup = 5EA39CE425EB474B009BEE6C /* Products */;
			projectDirPath = "";
			projectRoot = "";
			targets = (
				5EA39CE225EB474B009BEE6C /* OptumLabsMacOSMFA */,
				5E3160E525EC2C7E0085CB44 /* OptumLabsMFA */,
			);
		};
/* End PBXProject section */

/* Begin PBXResourcesBuildPhase section */
		5E3160E425EC2C7E0085CB44 /* Resources */ = {
			isa = PBXResourcesBuildPhase;
			buildActionMask = 2147483647;
			files = (
			);
			runOnlyForDeploymentPostprocessing = 0;
		};
		5EA39CE125EB474B009BEE6C /* Resources */ = {
			isa = PBXResourcesBuildPhase;
			buildActionMask = 2147483647;
			files = (
				5E3160DC25EBE0120085CB44 /* TOTPWindowController.xib in Resources */,
				5EA39D1325EB55A3009BEE6C /* Optum_Lab_Logo_1000px.png in Resources */,
			);
			runOnlyForDeploymentPostprocessing = 0;
		};
/* End PBXResourcesBuildPhase section */

/* Begin PBXSourcesBuildPhase section */
		5E3160E225EC2C7E0085CB44 /* Sources */ = {
			isa = PBXSourcesBuildPhase;
			buildActionMask = 2147483647;
			files = (
			);
			runOnlyForDeploymentPostprocessing = 0;
		};
		5EA39CDF25EB474B009BEE6C /* Sources */ = {
			isa = PBXSourcesBuildPhase;
			buildActionMask = 2147483647;
			files = (
				5EA39D0425EB4A19009BEE6C /* TOTPGenerator.swift in Sources */,
				5EA39CEF25EB47C0009BEE6C /* AuthorizationPlugin.m in Sources */,
				5E3162AF25F5BC090085CB44 /* CryptoHelper.m in Sources */,
				5E31618325EF6BA20085CB44 /* FileReader.m in Sources */,
				5E3160DB25EBE0120085CB44 /* TOTPWindowController.m in Sources */,
				5E3162B325F5C2540085CB44 /* Aes256Helper.swift in Sources */,
				5E31628C25F442F10085CB44 /* KeychainHelper.swift in Sources */,
				5EA39CF725EB4902009BEE6C /* MechanismHelper.m in Sources */,
				5EA39CFB25EB4976009BEE6C /* OnlyIntegerValueFormatter.m in Sources */,
			);
			runOnlyForDeploymentPostprocessing = 0;
		};
/* End PBXSourcesBuildPhase section */

/* Begin XCBuildConfiguration section */
		5E3160EA25EC2C7E0085CB44 /* Debug */ = {
			isa = XCBuildConfiguration;
			buildSettings = {
				CODE_SIGN_STYLE = Manual;
				COMBINE_HIDPI_IMAGES = YES;
				DEVELOPMENT_TEAM = 88DFG3693F;
				INFOPLIST_FILE = OptumLabsMFA/Info.plist;
				INSTALL_PATH = "$(LOCAL_LIBRARY_DIR)/Bundles";
				PRODUCT_BUNDLE_IDENTIFIER = optumlabs.OptumLabsMFA;
				PRODUCT_NAME = "$(TARGET_NAME)";
				PROVISIONING_PROFILE_SPECIFIER = "";
				SKIP_INSTALL = YES;
				WRAPPER_EXTENSION = bundle;
			};
			name = Debug;
		};
		5E3160EB25EC2C7E0085CB44 /* Release */ = {
			isa = XCBuildConfiguration;
			buildSettings = {
				CODE_SIGN_STYLE = Manual;
				COMBINE_HIDPI_IMAGES = YES;
				DEVELOPMENT_TEAM = 88DFG3693F;
				INFOPLIST_FILE = OptumLabsMFA/Info.plist;
				INSTALL_PATH = "$(LOCAL_LIBRARY_DIR)/Bundles";
				PRODUCT_BUNDLE_IDENTIFIER = optumlabs.OptumLabsMFA;
				PRODUCT_NAME = "$(TARGET_NAME)";
				PROVISIONING_PROFILE_SPECIFIER = "";
				SKIP_INSTALL = YES;
				WRAPPER_EXTENSION = bundle;
			};
			name = Release;
		};
		5EA39CE725EB474B009BEE6C /* Debug */ = {
			isa = XCBuildConfiguration;
			buildSettings = {
				ALWAYS_SEARCH_USER_PATHS = NO;
				CLANG_ANALYZER_NONNULL = YES;
				CLANG_ANALYZER_NUMBER_OBJECT_CONVERSION = YES_AGGRESSIVE;
				CLANG_CXX_LANGUAGE_STANDARD = "gnu++14";
				CLANG_CXX_LIBRARY = "libc++";
				CLANG_ENABLE_MODULES = YES;
				CLANG_ENABLE_OBJC_ARC = YES;
				CLANG_ENABLE_OBJC_WEAK = YES;
				CLANG_WARN_BLOCK_CAPTURE_AUTORELEASING = YES;
				CLANG_WARN_BOOL_CONVERSION = YES;
				CLANG_WARN_COMMA = YES;
				CLANG_WARN_CONSTANT_CONVERSION = YES;
				CLANG_WARN_DEPRECATED_OBJC_IMPLEMENTATIONS = YES;
				CLANG_WARN_DIRECT_OBJC_ISA_USAGE = YES_ERROR;
				CLANG_WARN_DOCUMENTATION_COMMENTS = YES;
				CLANG_WARN_EMPTY_BODY = YES;
				CLANG_WARN_ENUM_CONVERSION = YES;
				CLANG_WARN_INFINITE_RECURSION = YES;
				CLANG_WARN_INT_CONVERSION = YES;
				CLANG_WARN_NON_LITERAL_NULL_CONVERSION = YES;
				CLANG_WARN_OBJC_IMPLICIT_RETAIN_SELF = YES;
				CLANG_WARN_OBJC_LITERAL_CONVERSION = YES;
				CLANG_WARN_OBJC_ROOT_CLASS = YES_ERROR;
				CLANG_WARN_QUOTED_INCLUDE_IN_FRAMEWORK_HEADER = YES;
				CLANG_WARN_RANGE_LOOP_ANALYSIS = YES;
				CLANG_WARN_STRICT_PROTOTYPES = YES;
				CLANG_WARN_SUSPICIOUS_MOVE = YES;
				CLANG_WARN_UNGUARDED_AVAILABILITY = YES_AGGRESSIVE;
				CLANG_WARN_UNREACHABLE_CODE = YES;
				CLANG_WARN__DUPLICATE_METHOD_MATCH = YES;
				COPY_PHASE_STRIP = NO;
				DEBUG_INFORMATION_FORMAT = dwarf;
				ENABLE_STRICT_OBJC_MSGSEND = YES;
				ENABLE_TESTABILITY = YES;
				GCC_C_LANGUAGE_STANDARD = gnu11;
				GCC_DYNAMIC_NO_PIC = NO;
				GCC_NO_COMMON_BLOCKS = YES;
				GCC_OPTIMIZATION_LEVEL = 0;
				GCC_PREPROCESSOR_DEFINITIONS = (
					"DEBUG=1",
					"$(inherited)",
				);
				GCC_WARN_64_TO_32_BIT_CONVERSION = YES;
				GCC_WARN_ABOUT_RETURN_TYPE = YES_ERROR;
				GCC_WARN_UNDECLARED_SELECTOR = YES;
				GCC_WARN_UNINITIALIZED_AUTOS = YES_AGGRESSIVE;
				GCC_WARN_UNUSED_FUNCTION = YES;
				GCC_WARN_UNUSED_VARIABLE = YES;
				MACOSX_DEPLOYMENT_TARGET = 10.15;
				MTL_ENABLE_DEBUG_INFO = INCLUDE_SOURCE;
				MTL_FAST_MATH = YES;
				ONLY_ACTIVE_ARCH = YES;
				SDKROOT = macosx;
			};
			name = Debug;
		};
		5EA39CE825EB474B009BEE6C /* Release */ = {
			isa = XCBuildConfiguration;
			buildSettings = {
				ALWAYS_SEARCH_USER_PATHS = NO;
				CLANG_ANALYZER_NONNULL = YES;
				CLANG_ANALYZER_NUMBER_OBJECT_CONVERSION = YES_AGGRESSIVE;
				CLANG_CXX_LANGUAGE_STANDARD = "gnu++14";
				CLANG_CXX_LIBRARY = "libc++";
				CLANG_ENABLE_MODULES = YES;
				CLANG_ENABLE_OBJC_ARC = YES;
				CLANG_ENABLE_OBJC_WEAK = YES;
				CLANG_WARN_BLOCK_CAPTURE_AUTORELEASING = YES;
				CLANG_WARN_BOOL_CONVERSION = YES;
				CLANG_WARN_COMMA = YES;
				CLANG_WARN_CONSTANT_CONVERSION = YES;
				CLANG_WARN_DEPRECATED_OBJC_IMPLEMENTATIONS = YES;
				CLANG_WARN_DIRECT_OBJC_ISA_USAGE = YES_ERROR;
				CLANG_WARN_DOCUMENTATION_COMMENTS = YES;
				CLANG_WARN_EMPTY_BODY = YES;
				CLANG_WARN_ENUM_CONVERSION = YES;
				CLANG_WARN_INFINITE_RECURSION = YES;
				CLANG_WARN_INT_CONVERSION = YES;
				CLANG_WARN_NON_LITERAL_NULL_CONVERSION = YES;
				CLANG_WARN_OBJC_IMPLICIT_RETAIN_SELF = YES;
				CLANG_WARN_OBJC_LITERAL_CONVERSION = YES;
				CLANG_WARN_OBJC_ROOT_CLASS = YES_ERROR;
				CLANG_WARN_QUOTED_INCLUDE_IN_FRAMEWORK_HEADER = YES;
				CLANG_WARN_RANGE_LOOP_ANALYSIS = YES;
				CLANG_WARN_STRICT_PROTOTYPES = YES;
				CLANG_WARN_SUSPICIOUS_MOVE = YES;
				CLANG_WARN_UNGUARDED_AVAILABILITY = YES_AGGRESSIVE;
				CLANG_WARN_UNREACHABLE_CODE = YES;
				CLANG_WARN__DUPLICATE_METHOD_MATCH = YES;
				COPY_PHASE_STRIP = NO;
				DEBUG_INFORMATION_FORMAT = "dwarf-with-dsym";
				ENABLE_NS_ASSERTIONS = NO;
				ENABLE_STRICT_OBJC_MSGSEND = YES;
				GCC_C_LANGUAGE_STANDARD = gnu11;
				GCC_NO_COMMON_BLOCKS = YES;
				GCC_WARN_64_TO_32_BIT_CONVERSION = YES;
				GCC_WARN_ABOUT_RETURN_TYPE = YES_ERROR;
				GCC_WARN_UNDECLARED_SELECTOR = YES;
				GCC_WARN_UNINITIALIZED_AUTOS = YES_AGGRESSIVE;
				GCC_WARN_UNUSED_FUNCTION = YES;
				GCC_WARN_UNUSED_VARIABLE = YES;
				MACOSX_DEPLOYMENT_TARGET = 10.15;
				MTL_ENABLE_DEBUG_INFO = NO;
				MTL_FAST_MATH = YES;
				SDKROOT = macosx;
			};
			name = Release;
		};
		5EA39CEA25EB474B009BEE6C /* Debug */ = {
			isa = XCBuildConfiguration;
			buildSettings = {
				CLANG_ENABLE_MODULES = YES;
				CODE_SIGN_IDENTITY = "Apple Development";
				CODE_SIGN_STYLE = Manual;
				COMBINE_HIDPI_IMAGES = YES;
				DEVELOPMENT_TEAM = 88DFG3693F;
				INFOPLIST_FILE = "OptumLabs-MacOS-MFA/Info.plist";
				INSTALL_PATH = "$(LOCAL_LIBRARY_DIR)/Bundles";
				LD_RUNPATH_SEARCH_PATHS = (
					"$(inherited)",
					"@executable_path/../Frameworks",
					"@loader_path/../Frameworks",
				);
				PRODUCT_BUNDLE_IDENTIFIER = "optumlabs.OptumLabs-MacOS-MFA";
				PRODUCT_NAME = "$(TARGET_NAME)";
				PROVISIONING_PROFILE_SPECIFIER = "";
				SKIP_INSTALL = YES;
				SWIFT_OBJC_BRIDGING_HEADER = "OptumLabs-MacOS-MFA-Bridging-Header.h";
				SWIFT_OPTIMIZATION_LEVEL = "-Onone";
				SWIFT_VERSION = 5.0;
				WRAPPER_EXTENSION = bundle;
			};
			name = Debug;
		};
		5EA39CEB25EB474B009BEE6C /* Release */ = {
			isa = XCBuildConfiguration;
			buildSettings = {
				CLANG_ENABLE_MODULES = YES;
				CODE_SIGN_IDENTITY = "Apple Development";
				CODE_SIGN_STYLE = Manual;
				COMBINE_HIDPI_IMAGES = YES;
				DEVELOPMENT_TEAM = 88DFG3693F;
				INFOPLIST_FILE = "OptumLabs-MacOS-MFA/Info.plist";
				INSTALL_PATH = "$(LOCAL_LIBRARY_DIR)/Bundles";
				LD_RUNPATH_SEARCH_PATHS = (
					"$(inherited)",
					"@executable_path/../Frameworks",
					"@loader_path/../Frameworks",
				);
				PRODUCT_BUNDLE_IDENTIFIER = "optumlabs.OptumLabs-MacOS-MFA";
				PRODUCT_NAME = "$(TARGET_NAME)";
				PROVISIONING_PROFILE_SPECIFIER = "";
				SKIP_INSTALL = YES;
				SWIFT_OBJC_BRIDGING_HEADER = "OptumLabs-MacOS-MFA-Bridging-Header.h";
				SWIFT_VERSION = 5.0;
				WRAPPER_EXTENSION = bundle;
			};
			name = Release;
		};
/* End XCBuildConfiguration section */

/* Begin XCConfigurationList section */
		5E3160E925EC2C7E0085CB44 /* Build configuration list for PBXNativeTarget "OptumLabsMFA" */ = {
			isa = XCConfigurationList;
			buildConfigurations = (
				5E3160EA25EC2C7E0085CB44 /* Debug */,
				5E3160EB25EC2C7E0085CB44 /* Release */,
			);
			defaultConfigurationIsVisible = 0;
			defaultConfigurationName = Release;
		};
		5EA39CDE25EB474B009BEE6C /* Build configuration list for PBXProject "OptumLabs-MacOS-MFA" */ = {
			isa = XCConfigurationList;
			buildConfigurations = (
				5EA39CE725EB474B009BEE6C /* Debug */,
				5EA39CE825EB474B009BEE6C /* Release */,
			);
			defaultConfigurationIsVisible = 0;
			defaultConfigurationName = Release;
		};
		5EA39CE925EB474B009BEE6C /* Build configuration list for PBXNativeTarget "OptumLabsMacOSMFA" */ = {
			isa = XCConfigurationList;
			buildConfigurations = (
				5EA39CEA25EB474B009BEE6C /* Debug */,
				5EA39CEB25EB474B009BEE6C /* Release */,
			);
			defaultConfigurationIsVisible = 0;
			defaultConfigurationName = Release;
		};
/* End XCConfigurationList section */

/* Begin XCRemoteSwiftPackageReference section */
		5E31618825F2224F0085CB44 /* XCRemoteSwiftPackageReference "keychain-swift" */ = {
			isa = XCRemoteSwiftPackageReference;
			repositoryURL = "https://github.com/evgenyneu/keychain-swift.git";
			requirement = {
				kind = upToNextMajorVersion;
				minimumVersion = 19.0.0;
			};
		};
		5E3162B625F5CC6C0085CB44 /* XCRemoteSwiftPackageReference "CryptoSwift" */ = {
			isa = XCRemoteSwiftPackageReference;
			repositoryURL = "https://github.com/krzyzanowskim/CryptoSwift.git";
			requirement = {
				kind = upToNextMajorVersion;
				minimumVersion = 1.3.8;
			};
		};
		5EA39D0625EB4A85009BEE6C /* XCRemoteSwiftPackageReference "Base32" */ = {
			isa = XCRemoteSwiftPackageReference;
			repositoryURL = "https://github.com/std-swift/Base32.git";
			requirement = {
				kind = upToNextMajorVersion;
				minimumVersion = 3.0.0;
			};
		};
		5EA39D0A25EB4AA7009BEE6C /* XCRemoteSwiftPackageReference "SwiftOTP" */ = {
			isa = XCRemoteSwiftPackageReference;
			repositoryURL = "https://github.com/lachlanbell/SwiftOTP.git";
			requirement = {
				kind = upToNextMajorVersion;
				minimumVersion = 3.0.0;
			};
		};
/* End XCRemoteSwiftPackageReference section */

/* Begin XCSwiftPackageProductDependency section */
		5E3160EF25EC2E2B0085CB44 /* Base32 */ = {
			isa = XCSwiftPackageProductDependency;
			package = 5EA39D0625EB4A85009BEE6C /* XCRemoteSwiftPackageReference "Base32" */;
			productName = Base32;
		};
		5E3160F125EC2E300085CB44 /* SwiftOTP */ = {
			isa = XCSwiftPackageProductDependency;
			package = 5EA39D0A25EB4AA7009BEE6C /* XCRemoteSwiftPackageReference "SwiftOTP" */;
			productName = SwiftOTP;
		};
		5E31618925F2224F0085CB44 /* KeychainSwift */ = {
			isa = XCSwiftPackageProductDependency;
			package = 5E31618825F2224F0085CB44 /* XCRemoteSwiftPackageReference "keychain-swift" */;
			productName = KeychainSwift;
		};
		5E3162B725F5CC6C0085CB44 /* CryptoSwift */ = {
			isa = XCSwiftPackageProductDependency;
			package = 5E3162B625F5CC6C0085CB44 /* XCRemoteSwiftPackageReference "CryptoSwift" */;
			productName = CryptoSwift;
		};
		5EA39D0725EB4A85009BEE6C /* Base32 */ = {
			isa = XCSwiftPackageProductDependency;
			package = 5EA39D0625EB4A85009BEE6C /* XCRemoteSwiftPackageReference "Base32" */;
			productName = Base32;
		};
		5EA39D0B25EB4AA7009BEE6C /* SwiftOTP */ = {
			isa = XCSwiftPackageProductDependency;
			package = 5EA39D0A25EB4AA7009BEE6C /* XCRemoteSwiftPackageReference "SwiftOTP" */;
			productName = SwiftOTP;
		};
/* End XCSwiftPackageProductDependency section */
	};
	rootObject = 5EA39CDB25EB474B009BEE6C /* Project object */;
}
